// !$*UTF8*$!
{
	archiveVersion = 1;
	classes = {
	};
	objectVersion = 51;
	objects = {

/* Begin PBXBuildFile section */
		45B8BAA7252BAB9E009D75B5 /* AppDelegate.swift in Sources */ = {isa = PBXBuildFile; fileRef = 45B8BAA6252BAB9E009D75B5 /* AppDelegate.swift */; };
		45B8BAA9252BAB9E009D75B5 /* SceneDelegate.swift in Sources */ = {isa = PBXBuildFile; fileRef = 45B8BAA8252BAB9E009D75B5 /* SceneDelegate.swift */; };
		45B8BAAB252BAB9E009D75B5 /* MainViewController.swift in Sources */ = {isa = PBXBuildFile; fileRef = 45B8BAAA252BAB9E009D75B5 /* MainViewController.swift */; };
		45B8BAAE252BAB9E009D75B5 /* Main.storyboard in Resources */ = {isa = PBXBuildFile; fileRef = 45B8BAAC252BAB9E009D75B5 /* Main.storyboard */; };
		45B8BAB0252BABA2009D75B5 /* Assets.xcassets in Resources */ = {isa = PBXBuildFile; fileRef = 45B8BAAF252BABA2009D75B5 /* Assets.xcassets */; };
		45B8BAB3252BABA2009D75B5 /* LaunchScreen.storyboard in Resources */ = {isa = PBXBuildFile; fileRef = 45B8BAB1252BABA2009D75B5 /* LaunchScreen.storyboard */; };
		45B8BABB252BABD7009D75B5 /* Article.swift in Sources */ = {isa = PBXBuildFile; fileRef = 45B8BABA252BABD7009D75B5 /* Article.swift */; };
		45B8BABE252BB318009D75B5 /* MetaData.swift in Sources */ = {isa = PBXBuildFile; fileRef = 45B8BABD252BB318009D75B5 /* MetaData.swift */; };
		45B8BAC0252BB391009D75B5 /* Author.swift in Sources */ = {isa = PBXBuildFile; fileRef = 45B8BABF252BB391009D75B5 /* Author.swift */; };
		45B8BAC2252BB55B009D75B5 /* AuthorAvatar.swift in Sources */ = {isa = PBXBuildFile; fileRef = 45B8BAC1252BB55B009D75B5 /* AuthorAvatar.swift */; };
		45B8BAC4252BB64A009D75B5 /* ArticlesController.swift in Sources */ = {isa = PBXBuildFile; fileRef = 45B8BAC3252BB64A009D75B5 /* ArticlesController.swift */; };
		45B8BAC8252BB8DF009D75B5 /* NetworkManager.swift in Sources */ = {isa = PBXBuildFile; fileRef = 45B8BAC7252BB8DF009D75B5 /* NetworkManager.swift */; };
		45B8BACC252CFCC2009D75B5 /* ArticleTableViewCell.swift in Sources */ = {isa = PBXBuildFile; fileRef = 45B8BACB252CFCC2009D75B5 /* ArticleTableViewCell.swift */; };
		45B8BAD0252DFCD4009D75B5 /* Extensions.swift in Sources */ = {isa = PBXBuildFile; fileRef = 45B8BACF252DFCD4009D75B5 /* Extensions.swift */; };
		F0A9E71BA14AC5852A1D1894 /* Pods_HomeAssignment.framework in Frameworks */ = {isa = PBXBuildFile; fileRef = 261F062D2F6F622919617E00 /* Pods_HomeAssignment.framework */; };
/* End PBXBuildFile section */

/* Begin PBXFileReference section */
		20D49714B8EB931C02306F89 /* Pods-HomeAssignment.release.xcconfig */ = {isa = PBXFileReference; includeInIndex = 1; lastKnownFileType = text.xcconfig; name = "Pods-HomeAssignment.release.xcconfig"; path = "Target Support Files/Pods-HomeAssignment/Pods-HomeAssignment.release.xcconfig"; sourceTree = "<group>"; };
		261F062D2F6F622919617E00 /* Pods_HomeAssignment.framework */ = {isa = PBXFileReference; explicitFileType = wrapper.framework; includeInIndex = 0; path = Pods_HomeAssignment.framework; sourceTree = BUILT_PRODUCTS_DIR; };
		45B8BAA3252BAB9E009D75B5 /* HomeAssignment.app */ = {isa = PBXFileReference; explicitFileType = wrapper.application; includeInIndex = 0; path = HomeAssignment.app; sourceTree = BUILT_PRODUCTS_DIR; };
		45B8BAA6252BAB9E009D75B5 /* AppDelegate.swift */ = {isa = PBXFileReference; lastKnownFileType = sourcecode.swift; path = AppDelegate.swift; sourceTree = "<group>"; };
		45B8BAA8252BAB9E009D75B5 /* SceneDelegate.swift */ = {isa = PBXFileReference; lastKnownFileType = sourcecode.swift; path = SceneDelegate.swift; sourceTree = "<group>"; };
		45B8BAAA252BAB9E009D75B5 /* MainViewController.swift */ = {isa = PBXFileReference; lastKnownFileType = sourcecode.swift; path = MainViewController.swift; sourceTree = "<group>"; };
		45B8BAAD252BAB9E009D75B5 /* Base */ = {isa = PBXFileReference; lastKnownFileType = file.storyboard; name = Base; path = Base.lproj/Main.storyboard; sourceTree = "<group>"; };
		45B8BAAF252BABA2009D75B5 /* Assets.xcassets */ = {isa = PBXFileReference; lastKnownFileType = folder.assetcatalog; path = Assets.xcassets; sourceTree = "<group>"; };
		45B8BAB2252BABA2009D75B5 /* Base */ = {isa = PBXFileReference; lastKnownFileType = file.storyboard; name = Base; path = Base.lproj/LaunchScreen.storyboard; sourceTree = "<group>"; };
		45B8BAB4252BABA2009D75B5 /* Info.plist */ = {isa = PBXFileReference; lastKnownFileType = text.plist.xml; path = Info.plist; sourceTree = "<group>"; };
		45B8BABA252BABD7009D75B5 /* Article.swift */ = {isa = PBXFileReference; lastKnownFileType = sourcecode.swift; path = Article.swift; sourceTree = "<group>"; };
		45B8BABD252BB318009D75B5 /* MetaData.swift */ = {isa = PBXFileReference; lastKnownFileType = sourcecode.swift; path = MetaData.swift; sourceTree = "<group>"; };
		45B8BABF252BB391009D75B5 /* Author.swift */ = {isa = PBXFileReference; lastKnownFileType = sourcecode.swift; path = Author.swift; sourceTree = "<group>"; };
		45B8BAC1252BB55B009D75B5 /* AuthorAvatar.swift */ = {isa = PBXFileReference; lastKnownFileType = sourcecode.swift; path = AuthorAvatar.swift; sourceTree = "<group>"; };
		45B8BAC3252BB64A009D75B5 /* ArticlesController.swift */ = {isa = PBXFileReference; lastKnownFileType = sourcecode.swift; path = ArticlesController.swift; sourceTree = "<group>"; };
		45B8BAC7252BB8DF009D75B5 /* NetworkManager.swift */ = {isa = PBXFileReference; lastKnownFileType = sourcecode.swift; path = NetworkManager.swift; sourceTree = "<group>"; };
		45B8BACB252CFCC2009D75B5 /* ArticleTableViewCell.swift */ = {isa = PBXFileReference; lastKnownFileType = sourcecode.swift; path = ArticleTableViewCell.swift; sourceTree = "<group>"; };
		45B8BACF252DFCD4009D75B5 /* Extensions.swift */ = {isa = PBXFileReference; lastKnownFileType = sourcecode.swift; path = Extensions.swift; sourceTree = "<group>"; };
		F19505570225FBA8434350B9 /* Pods-HomeAssignment.debug.xcconfig */ = {isa = PBXFileReference; includeInIndex = 1; lastKnownFileType = text.xcconfig; name = "Pods-HomeAssignment.debug.xcconfig"; path = "Target Support Files/Pods-HomeAssignment/Pods-HomeAssignment.debug.xcconfig"; sourceTree = "<group>"; };
/* End PBXFileReference section */

/* Begin PBXFrameworksBuildPhase section */
		45B8BAA0252BAB9E009D75B5 /* Frameworks */ = {
			isa = PBXFrameworksBuildPhase;
			buildActionMask = 2147483647;
			files = (
				F0A9E71BA14AC5852A1D1894 /* Pods_HomeAssignment.framework in Frameworks */,
			);
			runOnlyForDeploymentPostprocessing = 0;
		};
/* End PBXFrameworksBuildPhase section */

/* Begin PBXGroup section */
		45B8BA9A252BAB9E009D75B5 = {
			isa = PBXGroup;
			children = (
				45B8BAA5252BAB9E009D75B5 /* HomeAssignment */,
				45B8BAA4252BAB9E009D75B5 /* Products */,
				91BED7C17507881E2938E815 /* Pods */,
				B04540E341D7FA6ADC2A13B0 /* Frameworks */,
			);
			sourceTree = "<group>";
		};
		45B8BAA4252BAB9E009D75B5 /* Products */ = {
			isa = PBXGroup;
			children = (
				45B8BAA3252BAB9E009D75B5 /* HomeAssignment.app */,
			);
			name = Products;
			sourceTree = "<group>";
		};
		45B8BAA5252BAB9E009D75B5 /* HomeAssignment */ = {
			isa = PBXGroup;
			children = (
				45B8BACE252DFCB4009D75B5 /* common */,
				45B8BAC6252BB885009D75B5 /* network */,
				45B8BAC5252BB658009D75B5 /* vcs */,
				45B8BABC252BB2F7009D75B5 /* models */,
				45B8BAA6252BAB9E009D75B5 /* AppDelegate.swift */,
				45B8BAA8252BAB9E009D75B5 /* SceneDelegate.swift */,
				45B8BAAC252BAB9E009D75B5 /* Main.storyboard */,
				45B8BAAF252BABA2009D75B5 /* Assets.xcassets */,
				45B8BAB1252BABA2009D75B5 /* LaunchScreen.storyboard */,
				45B8BAB4252BABA2009D75B5 /* Info.plist */,
			);
			path = HomeAssignment;
			sourceTree = "<group>";
		};
		45B8BABC252BB2F7009D75B5 /* models */ = {
			isa = PBXGroup;
			children = (
				45B8BABA252BABD7009D75B5 /* Article.swift */,
				45B8BABD252BB318009D75B5 /* MetaData.swift */,
				45B8BABF252BB391009D75B5 /* Author.swift */,
				45B8BAC1252BB55B009D75B5 /* AuthorAvatar.swift */,
			);
			path = models;
			sourceTree = "<group>";
		};
		45B8BAC5252BB658009D75B5 /* vcs */ = {
			isa = PBXGroup;
			children = (
				45B8BACD252DFC9D009D75B5 /* cells */,
				45B8BAAA252BAB9E009D75B5 /* MainViewController.swift */,
				45B8BAC3252BB64A009D75B5 /* ArticlesController.swift */,
			);
			path = vcs;
			sourceTree = "<group>";
		};
		45B8BAC6252BB885009D75B5 /* network */ = {
			isa = PBXGroup;
			children = (
				45B8BAC7252BB8DF009D75B5 /* NetworkManager.swift */,
			);
			path = network;
			sourceTree = "<group>";
		};
		45B8BACD252DFC9D009D75B5 /* cells */ = {
			isa = PBXGroup;
			children = (
				45B8BACB252CFCC2009D75B5 /* ArticleTableViewCell.swift */,
			);
			path = cells;
			sourceTree = "<group>";
		};
		45B8BACE252DFCB4009D75B5 /* common */ = {
			isa = PBXGroup;
			children = (
				45B8BACF252DFCD4009D75B5 /* Extensions.swift */,
			);
			path = common;
			sourceTree = "<group>";
		};
		91BED7C17507881E2938E815 /* Pods */ = {
			isa = PBXGroup;
			children = (
				F19505570225FBA8434350B9 /* Pods-HomeAssignment.debug.xcconfig */,
				20D49714B8EB931C02306F89 /* Pods-HomeAssignment.release.xcconfig */,
			);
			path = Pods;
			sourceTree = "<group>";
		};
		B04540E341D7FA6ADC2A13B0 /* Frameworks */ = {
			isa = PBXGroup;
			children = (
				261F062D2F6F622919617E00 /* Pods_HomeAssignment.framework */,
			);
			name = Frameworks;
			sourceTree = "<group>";
		};
/* End PBXGroup section */

/* Begin PBXNativeTarget section */
		45B8BAA2252BAB9E009D75B5 /* HomeAssignment */ = {
			isa = PBXNativeTarget;
			buildConfigurationList = 45B8BAB7252BABA2009D75B5 /* Build configuration list for PBXNativeTarget "HomeAssignment" */;
			buildPhases = (
				9BA6AD54AB437CBA2F84377D /* [CP] Check Pods Manifest.lock */,
				45B8BA9F252BAB9E009D75B5 /* Sources */,
				45B8BAA0252BAB9E009D75B5 /* Frameworks */,
				45B8BAA1252BAB9E009D75B5 /* Resources */,
				BF1A1EFEF9AE12456F3E6820 /* [CP] Embed Pods Frameworks */,
			);
			buildRules = (
			);
			dependencies = (
			);
			name = HomeAssignment;
			productName = HomeAssignment;
			productReference = 45B8BAA3252BAB9E009D75B5 /* HomeAssignment.app */;
			productType = "com.apple.product-type.application";
		};
/* End PBXNativeTarget section */

/* Begin PBXProject section */
		45B8BA9B252BAB9E009D75B5 /* Project object */ = {
			isa = PBXProject;
			attributes = {
				LastSwiftUpdateCheck = 1170;
				LastUpgradeCheck = 1170;
				ORGANIZATIONNAME = test;
				TargetAttributes = {
					45B8BAA2252BAB9E009D75B5 = {
						CreatedOnToolsVersion = 11.7;
					};
				};
			};
			buildConfigurationList = 45B8BA9E252BAB9E009D75B5 /* Build configuration list for PBXProject "HomeAssignment" */;
			compatibilityVersion = "Xcode 9.3";
			developmentRegion = en;
			hasScannedForEncodings = 0;
			knownRegions = (
				en,
				Base,
			);
			mainGroup = 45B8BA9A252BAB9E009D75B5;
			productRefGroup = 45B8BAA4252BAB9E009D75B5 /* Products */;
			projectDirPath = "";
			projectRoot = "";
			targets = (
				45B8BAA2252BAB9E009D75B5 /* HomeAssignment */,
			);
		};
/* End PBXProject section */

/* Begin PBXResourcesBuildPhase section */
		45B8BAA1252BAB9E009D75B5 /* Resources */ = {
			isa = PBXResourcesBuildPhase;
			buildActionMask = 2147483647;
			files = (
				45B8BAB3252BABA2009D75B5 /* LaunchScreen.storyboard in Resources */,
				45B8BAB0252BABA2009D75B5 /* Assets.xcassets in Resources */,
				45B8BAAE252BAB9E009D75B5 /* Main.storyboard in Resources */,
			);
			runOnlyForDeploymentPostprocessing = 0;
		};
/* End PBXResourcesBuildPhase section */

/* Begin PBXShellScriptBuildPhase section */
		9BA6AD54AB437CBA2F84377D /* [CP] Check Pods Manifest.lock */ = {
			isa = PBXShellScriptBuildPhase;
			buildActionMask = 2147483647;
			files = (
			);
			inputFileListPaths = (
			);
			inputPaths = (
				"${PODS_PODFILE_DIR_PATH}/Podfile.lock",
				"${PODS_ROOT}/Manifest.lock",
			);
			name = "[CP] Check Pods Manifest.lock";
			outputFileListPaths = (
			);
			outputPaths = (
				"$(DERIVED_FILE_DIR)/Pods-HomeAssignment-checkManifestLockResult.txt",
			);
			runOnlyForDeploymentPostprocessing = 0;
			shellPath = /bin/sh;
			shellScript = "diff \"${PODS_PODFILE_DIR_PATH}/Podfile.lock\" \"${PODS_ROOT}/Manifest.lock\" > /dev/null\nif [ $? != 0 ] ; then\n    # print error to STDERR\n    echo \"error: The sandbox is not in sync with the Podfile.lock. Run 'pod install' or update your CocoaPods installation.\" >&2\n    exit 1\nfi\n# This output is used by Xcode 'outputs' to avoid re-running this script phase.\necho \"SUCCESS\" > \"${SCRIPT_OUTPUT_FILE_0}\"\n";
			showEnvVarsInLog = 0;
		};
		BF1A1EFEF9AE12456F3E6820 /* [CP] Embed Pods Frameworks */ = {
			isa = PBXShellScriptBuildPhase;
			buildActionMask = 2147483647;
			files = (
			);
			inputFileListPaths = (
				"${PODS_ROOT}/Target Support Files/Pods-HomeAssignment/Pods-HomeAssignment-frameworks-${CONFIGURATION}-input-files.xcfilelist",
			);
			name = "[CP] Embed Pods Frameworks";
			outputFileListPaths = (
				"${PODS_ROOT}/Target Support Files/Pods-HomeAssignment/Pods-HomeAssignment-frameworks-${CONFIGURATION}-output-files.xcfilelist",
			);
			runOnlyForDeploymentPostprocessing = 0;
			shellPath = /bin/sh;
			shellScript = "\"${PODS_ROOT}/Target Support Files/Pods-HomeAssignment/Pods-HomeAssignment-frameworks.sh\"\n";
			showEnvVarsInLog = 0;
		};
/* End PBXShellScriptBuildPhase section */

/* Begin PBXSourcesBuildPhase section */
		45B8BA9F252BAB9E009D75B5 /* Sources */ = {
			isa = PBXSourcesBuildPhase;
			buildActionMask = 2147483647;
			files = (
				45B8BACC252CFCC2009D75B5 /* ArticleTableViewCell.swift in Sources */,
				45B8BAC8252BB8DF009D75B5 /* NetworkManager.swift in Sources */,
				45B8BAC0252BB391009D75B5 /* Author.swift in Sources */,
				45B8BAC2252BB55B009D75B5 /* AuthorAvatar.swift in Sources */,
				45B8BABB252BABD7009D75B5 /* Article.swift in Sources */,
				45B8BAAB252BAB9E009D75B5 /* MainViewController.swift in Sources */,
				45B8BAA7252BAB9E009D75B5 /* AppDelegate.swift in Sources */,
				45B8BAA9252BAB9E009D75B5 /* SceneDelegate.swift in Sources */,
				45B8BAC4252BB64A009D75B5 /* ArticlesController.swift in Sources */,
				45B8BAD0252DFCD4009D75B5 /* Extensions.swift in Sources */,
				45B8BABE252BB318009D75B5 /* MetaData.swift in Sources */,
			);
			runOnlyForDeploymentPostprocessing = 0;
		};
/* End PBXSourcesBuildPhase section */

/* Begin PBXVariantGroup section */
		45B8BAAC252BAB9E009D75B5 /* Main.storyboard */ = {
			isa = PBXVariantGroup;
			children = (
				45B8BAAD252BAB9E009D75B5 /* Base */,
			);
			name = Main.storyboard;
			sourceTree = "<group>";
		};
		45B8BAB1252BABA2009D75B5 /* LaunchScreen.storyboard */ = {
			isa = PBXVariantGroup;
			children = (
				45B8BAB2252BABA2009D75B5 /* Base */,
			);
			name = LaunchScreen.storyboard;
			sourceTree = "<group>";
		};
/* End PBXVariantGroup section */

/* Begin XCBuildConfiguration section */
		45B8BAB5252BABA2009D75B5 /* Debug */ = {
			isa = XCBuildConfiguration;
			buildSettings = {
				ALWAYS_SEARCH_USER_PATHS = NO;
				CLANG_ANALYZER_NONNULL = YES;
				CLANG_ANALYZER_NUMBER_OBJECT_CONVERSION = YES_AGGRESSIVE;
				CLANG_CXX_LANGUAGE_STANDARD = "gnu++14";
				CLANG_CXX_LIBRARY = "libc++";
				CLANG_ENABLE_MODULES = YES;
				CLANG_ENABLE_OBJC_ARC = YES;
				CLANG_ENABLE_OBJC_WEAK = YES;
				CLANG_WARN_BLOCK_CAPTURE_AUTORELEASING = YES;
				CLANG_WARN_BOOL_CONVERSION = YES;
				CLANG_WARN_COMMA = YES;
				CLANG_WARN_CONSTANT_CONVERSION = YES;
				CLANG_WARN_DEPRECATED_OBJC_IMPLEMENTATIONS = YES;
				CLANG_WARN_DIRECT_OBJC_ISA_USAGE = YES_ERROR;
				CLANG_WARN_DOCUMENTATION_COMMENTS = YES;
				CLANG_WARN_EMPTY_BODY = YES;
				CLANG_WARN_ENUM_CONVERSION = YES;
				CLANG_WARN_INFINITE_RECURSION = YES;
				CLANG_WARN_INT_CONVERSION = YES;
				CLANG_WARN_NON_LITERAL_NULL_CONVERSION = YES;
				CLANG_WARN_OBJC_IMPLICIT_RETAIN_SELF = YES;
				CLANG_WARN_OBJC_LITERAL_CONVERSION = YES;
				CLANG_WARN_OBJC_ROOT_CLASS = YES_ERROR;
				CLANG_WARN_RANGE_LOOP_ANALYSIS = YES;
				CLANG_WARN_STRICT_PROTOTYPES = YES;
				CLANG_WARN_SUSPICIOUS_MOVE = YES;
				CLANG_WARN_UNGUARDED_AVAILABILITY = YES_AGGRESSIVE;
				CLANG_WARN_UNREACHABLE_CODE = YES;
				CLANG_WARN__DUPLICATE_METHOD_MATCH = YES;
				COPY_PHASE_STRIP = NO;
				DEBUG_INFORMATION_FORMAT = dwarf;
				ENABLE_STRICT_OBJC_MSGSEND = YES;
				ENABLE_TESTABILITY = YES;
				GCC_C_LANGUAGE_STANDARD = gnu11;
				GCC_DYNAMIC_NO_PIC = NO;
				GCC_NO_COMMON_BLOCKS = YES;
				GCC_OPTIMIZATION_LEVEL = 0;
				GCC_PREPROCESSOR_DEFINITIONS = (
					"DEBUG=1",
					"$(inherited)",
				);
				GCC_WARN_64_TO_32_BIT_CONVERSION = YES;
				GCC_WARN_ABOUT_RETURN_TYPE = YES_ERROR;
				GCC_WARN_UNDECLARED_SELECTOR = YES;
				GCC_WARN_UNINITIALIZED_AUTOS = YES_AGGRESSIVE;
				GCC_WARN_UNUSED_FUNCTION = YES;
				GCC_WARN_UNUSED_VARIABLE = YES;
				IPHONEOS_DEPLOYMENT_TARGET = 13.7;
				MTL_ENABLE_DEBUG_INFO = INCLUDE_SOURCE;
				MTL_FAST_MATH = YES;
				ONLY_ACTIVE_ARCH = YES;
				SDKROOT = iphoneos;
				SWIFT_ACTIVE_COMPILATION_CONDITIONS = DEBUG;
				SWIFT_OPTIMIZATION_LEVEL = "-Onone";
			};
			name = Debug;
		};
		45B8BAB6252BABA2009D75B5 /* Release */ = {
			isa = XCBuildConfiguration;
			buildSettings = {
				ALWAYS_SEARCH_USER_PATHS = NO;
				CLANG_ANALYZER_NONNULL = YES;
				CLANG_ANALYZER_NUMBER_OBJECT_CONVERSION = YES_AGGRESSIVE;
				CLANG_CXX_LANGUAGE_STANDARD = "gnu++14";
				CLANG_CXX_LIBRARY = "libc++";
				CLANG_ENABLE_MODULES = YES;
				CLANG_ENABLE_OBJC_ARC = YES;
				CLANG_ENABLE_OBJC_WEAK = YES;
				CLANG_WARN_BLOCK_CAPTURE_AUTORELEASING = YES;
				CLANG_WARN_BOOL_CONVERSION = YES;
				CLANG_WARN_COMMA = YES;
				CLANG_WARN_CONSTANT_CONVERSION = YES;
				CLANG_WARN_DEPRECATED_OBJC_IMPLEMENTATIONS = YES;
				CLANG_WARN_DIRECT_OBJC_ISA_USAGE = YES_ERROR;
				CLANG_WARN_DOCUMENTATION_COMMENTS = YES;
				CLANG_WARN_EMPTY_BODY = YES;
				CLANG_WARN_ENUM_CONVERSION = YES;
				CLANG_WARN_INFINITE_RECURSION = YES;
				CLANG_WARN_INT_CONVERSION = YES;
				CLANG_WARN_NON_LITERAL_NULL_CONVERSION = YES;
				CLANG_WARN_OBJC_IMPLICIT_RETAIN_SELF = YES;
				CLANG_WARN_OBJC_LITERAL_CONVERSION = YES;
				CLANG_WARN_OBJC_ROOT_CLASS = YES_ERROR;
				CLANG_WARN_RANGE_LOOP_ANALYSIS = YES;
				CLANG_WARN_STRICT_PROTOTYPES = YES;
				CLANG_WARN_SUSPICIOUS_MOVE = YES;
				CLANG_WARN_UNGUARDED_AVAILABILITY = YES_AGGRESSIVE;
				CLANG_WARN_UNREACHABLE_CODE = YES;
				CLANG_WARN__DUPLICATE_METHOD_MATCH = YES;
				COPY_PHASE_STRIP = NO;
				DEBUG_INFORMATION_FORMAT = "dwarf-with-dsym";
				ENABLE_NS_ASSERTIONS = NO;
				ENABLE_STRICT_OBJC_MSGSEND = YES;
				GCC_C_LANGUAGE_STANDARD = gnu11;
				GCC_NO_COMMON_BLOCKS = YES;
				GCC_WARN_64_TO_32_BIT_CONVERSION = YES;
				GCC_WARN_ABOUT_RETURN_TYPE = YES_ERROR;
				GCC_WARN_UNDECLARED_SELECTOR = YES;
				GCC_WARN_UNINITIALIZED_AUTOS = YES_AGGRESSIVE;
				GCC_WARN_UNUSED_FUNCTION = YES;
				GCC_WARN_UNUSED_VARIABLE = YES;
				IPHONEOS_DEPLOYMENT_TARGET = 13.7;
				MTL_ENABLE_DEBUG_INFO = NO;
				MTL_FAST_MATH = YES;
				SDKROOT = iphoneos;
				SWIFT_COMPILATION_MODE = wholemodule;
				SWIFT_OPTIMIZATION_LEVEL = "-O";
				VALIDATE_PRODUCT = YES;
			};
			name = Release;
		};
		45B8BAB8252BABA2009D75B5 /* Debug */ = {
			isa = XCBuildConfiguration;
			baseConfigurationReference = F19505570225FBA8434350B9 /* Pods-HomeAssignment.debug.xcconfig */;
			buildSettings = {
				ASSETCATALOG_COMPILER_APPICON_NAME = AppIcon;
				CODE_SIGN_STYLE = Automatic;
				DEVELOPMENT_TEAM = 5J92YQV5D5;
				INFOPLIST_FILE = HomeAssignment/Info.plist;
				LD_RUNPATH_SEARCH_PATHS = (
					"$(inherited)",
					"@executable_path/Frameworks",
				);
				PRODUCT_BUNDLE_IDENTIFIER = com.test.test.HomeAssignment;
				PRODUCT_NAME = "$(TARGET_NAME)";
				SWIFT_VERSION = 5.0;
				TARGETED_DEVICE_FAMILY = "1,2";
			};
			name = Debug;
		};
		45B8BAB9252BABA2009D75B5 /* Release */ = {
			isa = XCBuildConfiguration;
			baseConfigurationReference = 20D49714B8EB931C02306F89 /* Pods-HomeAssignment.release.xcconfig */;
			buildSettings = {
				ASSETCATALOG_COMPILER_APPICON_NAME = AppIcon;
				CODE_SIGN_STYLE = Automatic;
				DEVELOPMENT_TEAM = 5J92YQV5D5;
				INFOPLIST_FILE = HomeAssignment/Info.plist;
				LD_RUNPATH_SEARCH_PATHS = (
					"$(inherited)",
					"@executable_path/Frameworks",
				);
				PRODUCT_BUNDLE_IDENTIFIER = com.test.test.HomeAssignment;
				PRODUCT_NAME = "$(TARGET_NAME)";
				SWIFT_VERSION = 5.0;
				TARGETED_DEVICE_FAMILY = "1,2";
			};
			name = Release;
		};
/* End XCBuildConfiguration section */

/* Begin XCConfigurationList section */
		45B8BA9E252BAB9E009D75B5 /* Build configuration list for PBXProject "HomeAssignment" */ = {
			isa = XCConfigurationList;
			buildConfigurations = (
				45B8BAB5252BABA2009D75B5 /* Debug */,
				45B8BAB6252BABA2009D75B5 /* Release */,
			);
			defaultConfigurationIsVisible = 0;
			defaultConfigurationName = Release;
		};
		45B8BAB7252BABA2009D75B5 /* Build configuration list for PBXNativeTarget "HomeAssignment" */ = {
			isa = XCConfigurationList;
			buildConfigurations = (
				45B8BAB8252BABA2009D75B5 /* Debug */,
				45B8BAB9252BABA2009D75B5 /* Release */,
			);
			defaultConfigurationIsVisible = 0;
			defaultConfigurationName = Release;
		};
/* End XCConfigurationList section */
	};
	rootObject = 45B8BA9B252BAB9E009D75B5 /* Project object */;
}
